
Microsoft Visual Studio Solution File, Format Version 12.00
# Visual Studio Version 17
VisualStudioVersion = 17.14.36127.28 d17.14
MinimumVisualStudioVersion = 10.0.40219.1
Project("{FAE04EC0-301F-11D3-BF4B-00C04F79EFBC}") = "TaskTurner", "TaskTurner\TaskTurner.csproj", "{CB83B3BF-50D0-4590-99D1-519EF09FD37E}"
EndProject
Global
	GlobalSection(SolutionConfigurationPlatforms) = preSolution
		Debug|Any CPU = Debug|Any CPU
		Release|Any CPU = Release|Any CPU
	EndGlobalSection
	GlobalSection(ProjectConfigurationPlatforms) = postSolution
		{CB83B3BF-50D0-4590-99D1-519EF09FD37E}.Debug|Any CPU.ActiveCfg = Debug|Any CPU
		{CB83B3BF-50D0-4590-99D1-519EF09FD37E}.Debug|Any CPU.Build.0 = Debug|Any CPU
		{CB83B3BF-50D0-4590-99D1-519EF09FD37E}.Release|Any CPU.ActiveCfg = Release|Any CPU
		{CB83B3BF-50D0-4590-99D1-519EF09FD37E}.Release|Any CPU.Build.0 = Release|Any CPU
	EndGlobalSection
	GlobalSection(SolutionProperties) = preSolution
		HideSolutionNode = FALSE
	EndGlobalSection
	GlobalSection(ExtensibilityGlobals) = postSolution
		SolutionGuid = {94E73B57-C657-4FD8-B75B-8C5C767199D9}
	EndGlobalSection
EndGlobal
